// !$*UTF8*$!
{
	archiveVersion = 1;
	classes = {
	};
	objectVersion = 55;
	objects = {

/* Begin PBXBuildFile section */
		C12B2B5A28BA3EF000A5EC99 /* AppDelegate.swift in Sources */ = {isa = PBXBuildFile; fileRef = C12B2B5928BA3EF000A5EC99 /* AppDelegate.swift */; };
		C12B2B5C28BA3EF000A5EC99 /* SceneDelegate.swift in Sources */ = {isa = PBXBuildFile; fileRef = C12B2B5B28BA3EF000A5EC99 /* SceneDelegate.swift */; };
		C12B2B6328BA3EF100A5EC99 /* Assets.xcassets in Resources */ = {isa = PBXBuildFile; fileRef = C12B2B6228BA3EF100A5EC99 /* Assets.xcassets */; };
		C12B2B6628BA3EF100A5EC99 /* LaunchScreen.storyboard in Resources */ = {isa = PBXBuildFile; fileRef = C12B2B6428BA3EF100A5EC99 /* LaunchScreen.storyboard */; };
		C12B2B7128BA3F7800A5EC99 /* Main.storyboard in Resources */ = {isa = PBXBuildFile; fileRef = C12B2B7028BA3F7800A5EC99 /* Main.storyboard */; };
		C12B2B7928BA3F9A00A5EC99 /* ReminderCell.swift in Sources */ = {isa = PBXBuildFile; fileRef = C12B2B7328BA3F9A00A5EC99 /* ReminderCell.swift */; };
		C12B2B7A28BA3F9A00A5EC99 /* DirectoryCell.swift in Sources */ = {isa = PBXBuildFile; fileRef = C12B2B7428BA3F9A00A5EC99 /* DirectoryCell.swift */; };
		C12B2B7B28BA3F9A00A5EC99 /* ViewController.swift in Sources */ = {isa = PBXBuildFile; fileRef = C12B2B7628BA3F9A00A5EC99 /* ViewController.swift */; };
		C12B2B7C28BA3F9A00A5EC99 /* RemindersDetailsVC.swift in Sources */ = {isa = PBXBuildFile; fileRef = C12B2B7728BA3F9A00A5EC99 /* RemindersDetailsVC.swift */; };
		C12B2B7D28BA3F9A00A5EC99 /* RemindersVC.swift in Sources */ = {isa = PBXBuildFile; fileRef = C12B2B7828BA3F9A00A5EC99 /* RemindersVC.swift */; };
		C12B2B7F28BA439D00A5EC99 /* Extension.swift in Sources */ = {isa = PBXBuildFile; fileRef = C12B2B7E28BA439D00A5EC99 /* Extension.swift */; };
		C12B2B8228BA552800A5EC99 /* LocalNotificationManager.swift in Sources */ = {isa = PBXBuildFile; fileRef = C12B2B8128BA552800A5EC99 /* LocalNotificationManager.swift */; };
/* End PBXBuildFile section */

/* Begin PBXFileReference section */
		C12B2B5628BA3EF000A5EC99 /* task27.app */ = {isa = PBXFileReference; explicitFileType = wrapper.application; includeInIndex = 0; path = task27.app; sourceTree = BUILT_PRODUCTS_DIR; };
		C12B2B5928BA3EF000A5EC99 /* AppDelegate.swift */ = {isa = PBXFileReference; lastKnownFileType = sourcecode.swift; path = AppDelegate.swift; sourceTree = "<group>"; };
		C12B2B5B28BA3EF000A5EC99 /* SceneDelegate.swift */ = {isa = PBXFileReference; lastKnownFileType = sourcecode.swift; path = SceneDelegate.swift; sourceTree = "<group>"; };
		C12B2B6228BA3EF100A5EC99 /* Assets.xcassets */ = {isa = PBXFileReference; lastKnownFileType = folder.assetcatalog; path = Assets.xcassets; sourceTree = "<group>"; };
		C12B2B6528BA3EF100A5EC99 /* Base */ = {isa = PBXFileReference; lastKnownFileType = file.storyboard; name = Base; path = Base.lproj/LaunchScreen.storyboard; sourceTree = "<group>"; };
		C12B2B6728BA3EF100A5EC99 /* Info.plist */ = {isa = PBXFileReference; lastKnownFileType = text.plist.xml; path = Info.plist; sourceTree = "<group>"; };
		C12B2B7028BA3F7800A5EC99 /* Main.storyboard */ = {isa = PBXFileReference; fileEncoding = 4; lastKnownFileType = file.storyboard; path = Main.storyboard; sourceTree = "<group>"; };
		C12B2B7328BA3F9A00A5EC99 /* ReminderCell.swift */ = {isa = PBXFileReference; fileEncoding = 4; lastKnownFileType = sourcecode.swift; path = ReminderCell.swift; sourceTree = "<group>"; };
		C12B2B7428BA3F9A00A5EC99 /* DirectoryCell.swift */ = {isa = PBXFileReference; fileEncoding = 4; lastKnownFileType = sourcecode.swift; path = DirectoryCell.swift; sourceTree = "<group>"; };
		C12B2B7628BA3F9A00A5EC99 /* ViewController.swift */ = {isa = PBXFileReference; fileEncoding = 4; lastKnownFileType = sourcecode.swift; path = ViewController.swift; sourceTree = "<group>"; };
		C12B2B7728BA3F9A00A5EC99 /* RemindersDetailsVC.swift */ = {isa = PBXFileReference; fileEncoding = 4; lastKnownFileType = sourcecode.swift; path = RemindersDetailsVC.swift; sourceTree = "<group>"; };
		C12B2B7828BA3F9A00A5EC99 /* RemindersVC.swift */ = {isa = PBXFileReference; fileEncoding = 4; lastKnownFileType = sourcecode.swift; path = RemindersVC.swift; sourceTree = "<group>"; };
		C12B2B7E28BA439D00A5EC99 /* Extension.swift */ = {isa = PBXFileReference; lastKnownFileType = sourcecode.swift; path = Extension.swift; sourceTree = "<group>"; };
		C12B2B8028BA4A8300A5EC99 /* task27.entitlements */ = {isa = PBXFileReference; lastKnownFileType = text.plist.entitlements; path = task27.entitlements; sourceTree = "<group>"; };
		C12B2B8128BA552800A5EC99 /* LocalNotificationManager.swift */ = {isa = PBXFileReference; lastKnownFileType = sourcecode.swift; path = LocalNotificationManager.swift; sourceTree = "<group>"; };
/* End PBXFileReference section */

/* Begin PBXFrameworksBuildPhase section */
		C12B2B5328BA3EF000A5EC99 /* Frameworks */ = {
			isa = PBXFrameworksBuildPhase;
			buildActionMask = 2147483647;
			files = (
			);
			runOnlyForDeploymentPostprocessing = 0;
		};
/* End PBXFrameworksBuildPhase section */

/* Begin PBXGroup section */
		C12B2B4D28BA3EF000A5EC99 = {
			isa = PBXGroup;
			children = (
				C12B2B5828BA3EF000A5EC99 /* task27 */,
				C12B2B5728BA3EF000A5EC99 /* Products */,
			);
			sourceTree = "<group>";
		};
		C12B2B5728BA3EF000A5EC99 /* Products */ = {
			isa = PBXGroup;
			children = (
				C12B2B5628BA3EF000A5EC99 /* task27.app */,
			);
			name = Products;
			sourceTree = "<group>";
		};
		C12B2B5828BA3EF000A5EC99 /* task27 */ = {
			isa = PBXGroup;
			children = (
				C12B2B8028BA4A8300A5EC99 /* task27.entitlements */,
				C12B2B6D28BA3F1600A5EC99 /* App */,
				C12B2B7228BA3F9A00A5EC99 /* Cells */,
				C12B2B7528BA3F9A00A5EC99 /* ViewControllers */,
				C12B2B7028BA3F7800A5EC99 /* Main.storyboard */,
				C12B2B8128BA552800A5EC99 /* LocalNotificationManager.swift */,
				C12B2B7E28BA439D00A5EC99 /* Extension.swift */,
				C12B2B6E28BA3F2500A5EC99 /* Supporting Files */,
				C12B2B6728BA3EF100A5EC99 /* Info.plist */,
			);
			path = task27;
			sourceTree = "<group>";
		};
		C12B2B6D28BA3F1600A5EC99 /* App */ = {
			isa = PBXGroup;
			children = (
				C12B2B5928BA3EF000A5EC99 /* AppDelegate.swift */,
				C12B2B5B28BA3EF000A5EC99 /* SceneDelegate.swift */,
			);
			path = App;
			sourceTree = "<group>";
		};
		C12B2B6E28BA3F2500A5EC99 /* Supporting Files */ = {
			isa = PBXGroup;
			children = (
				C12B2B6228BA3EF100A5EC99 /* Assets.xcassets */,
				C12B2B6428BA3EF100A5EC99 /* LaunchScreen.storyboard */,
			);
			path = "Supporting Files";
			sourceTree = "<group>";
		};
		C12B2B7228BA3F9A00A5EC99 /* Cells */ = {
			isa = PBXGroup;
			children = (
				C12B2B7328BA3F9A00A5EC99 /* ReminderCell.swift */,
				C12B2B7428BA3F9A00A5EC99 /* DirectoryCell.swift */,
			);
			path = Cells;
			sourceTree = "<group>";
		};
		C12B2B7528BA3F9A00A5EC99 /* ViewControllers */ = {
			isa = PBXGroup;
			children = (
				C12B2B7628BA3F9A00A5EC99 /* ViewController.swift */,
				C12B2B7828BA3F9A00A5EC99 /* RemindersVC.swift */,
				C12B2B7728BA3F9A00A5EC99 /* RemindersDetailsVC.swift */,
			);
			path = ViewControllers;
			sourceTree = "<group>";
		};
/* End PBXGroup section */

/* Begin PBXNativeTarget section */
		C12B2B5528BA3EF000A5EC99 /* task27 */ = {
			isa = PBXNativeTarget;
			buildConfigurationList = C12B2B6A28BA3EF100A5EC99 /* Build configuration list for PBXNativeTarget "task27" */;
			buildPhases = (
				C12B2B5228BA3EF000A5EC99 /* Sources */,
				C12B2B5328BA3EF000A5EC99 /* Frameworks */,
				C12B2B5428BA3EF000A5EC99 /* Resources */,
			);
			buildRules = (
			);
			dependencies = (
			);
			name = task27;
			productName = task27;
			productReference = C12B2B5628BA3EF000A5EC99 /* task27.app */;
			productType = "com.apple.product-type.application";
		};
/* End PBXNativeTarget section */

/* Begin PBXProject section */
		C12B2B4E28BA3EF000A5EC99 /* Project object */ = {
			isa = PBXProject;
			attributes = {
				BuildIndependentTargetsInParallel = 1;
				LastSwiftUpdateCheck = 1310;
				LastUpgradeCheck = 1310;
				TargetAttributes = {
					C12B2B5528BA3EF000A5EC99 = {
						CreatedOnToolsVersion = 13.1;
					};
				};
			};
			buildConfigurationList = C12B2B5128BA3EF000A5EC99 /* Build configuration list for PBXProject "task27" */;
			compatibilityVersion = "Xcode 13.0";
			developmentRegion = en;
			hasScannedForEncodings = 0;
			knownRegions = (
				en,
				Base,
			);
			mainGroup = C12B2B4D28BA3EF000A5EC99;
			productRefGroup = C12B2B5728BA3EF000A5EC99 /* Products */;
			projectDirPath = "";
			projectRoot = "";
			targets = (
				C12B2B5528BA3EF000A5EC99 /* task27 */,
			);
		};
/* End PBXProject section */

/* Begin PBXResourcesBuildPhase section */
		C12B2B5428BA3EF000A5EC99 /* Resources */ = {
			isa = PBXResourcesBuildPhase;
			buildActionMask = 2147483647;
			files = (
				C12B2B7128BA3F7800A5EC99 /* Main.storyboard in Resources */,
				C12B2B6628BA3EF100A5EC99 /* LaunchScreen.storyboard in Resources */,
				C12B2B6328BA3EF100A5EC99 /* Assets.xcassets in Resources */,
			);
			runOnlyForDeploymentPostprocessing = 0;
		};
/* End PBXResourcesBuildPhase section */

/* Begin PBXSourcesBuildPhase section */
		C12B2B5228BA3EF000A5EC99 /* Sources */ = {
			isa = PBXSourcesBuildPhase;
			buildActionMask = 2147483647;
			files = (
				C12B2B7B28BA3F9A00A5EC99 /* ViewController.swift in Sources */,
				C12B2B5A28BA3EF000A5EC99 /* AppDelegate.swift in Sources */,
				C12B2B7928BA3F9A00A5EC99 /* ReminderCell.swift in Sources */,
				C12B2B7D28BA3F9A00A5EC99 /* RemindersVC.swift in Sources */,
				C12B2B7C28BA3F9A00A5EC99 /* RemindersDetailsVC.swift in Sources */,
				C12B2B5C28BA3EF000A5EC99 /* SceneDelegate.swift in Sources */,
				C12B2B8228BA552800A5EC99 /* LocalNotificationManager.swift in Sources */,
				C12B2B7A28BA3F9A00A5EC99 /* DirectoryCell.swift in Sources */,
				C12B2B7F28BA439D00A5EC99 /* Extension.swift in Sources */,
			);
			runOnlyForDeploymentPostprocessing = 0;
		};
/* End PBXSourcesBuildPhase section */

/* Begin PBXVariantGroup section */
		C12B2B6428BA3EF100A5EC99 /* LaunchScreen.storyboard */ = {
			isa = PBXVariantGroup;
			children = (
				C12B2B6528BA3EF100A5EC99 /* Base */,
			);
			name = LaunchScreen.storyboard;
			sourceTree = "<group>";
		};
/* End PBXVariantGroup section */

/* Begin XCBuildConfiguration section */
		C12B2B6828BA3EF100A5EC99 /* Debug */ = {
			isa = XCBuildConfiguration;
			buildSettings = {
				ALWAYS_SEARCH_USER_PATHS = NO;
				CLANG_ANALYZER_NONNULL = YES;
				CLANG_ANALYZER_NUMBER_OBJECT_CONVERSION = YES_AGGRESSIVE;
				CLANG_CXX_LANGUAGE_STANDARD = "gnu++17";
				CLANG_CXX_LIBRARY = "libc++";
				CLANG_ENABLE_MODULES = YES;
				CLANG_ENABLE_OBJC_ARC = YES;
				CLANG_ENABLE_OBJC_WEAK = YES;
				CLANG_WARN_BLOCK_CAPTURE_AUTORELEASING = YES;
				CLANG_WARN_BOOL_CONVERSION = YES;
				CLANG_WARN_COMMA = YES;
				CLANG_WARN_CONSTANT_CONVERSION = YES;
				CLANG_WARN_DEPRECATED_OBJC_IMPLEMENTATIONS = YES;
				CLANG_WARN_DIRECT_OBJC_ISA_USAGE = YES_ERROR;
				CLANG_WARN_DOCUMENTATION_COMMENTS = YES;
				CLANG_WARN_EMPTY_BODY = YES;
				CLANG_WARN_ENUM_CONVERSION = YES;
				CLANG_WARN_INFINITE_RECURSION = YES;
				CLANG_WARN_INT_CONVERSION = YES;
				CLANG_WARN_NON_LITERAL_NULL_CONVERSION = YES;
				CLANG_WARN_OBJC_IMPLICIT_RETAIN_SELF = YES;
				CLANG_WARN_OBJC_LITERAL_CONVERSION = YES;
				CLANG_WARN_OBJC_ROOT_CLASS = YES_ERROR;
				CLANG_WARN_QUOTED_INCLUDE_IN_FRAMEWORK_HEADER = YES;
				CLANG_WARN_RANGE_LOOP_ANALYSIS = YES;
				CLANG_WARN_STRICT_PROTOTYPES = YES;
				CLANG_WARN_SUSPICIOUS_MOVE = YES;
				CLANG_WARN_UNGUARDED_AVAILABILITY = YES_AGGRESSIVE;
				CLANG_WARN_UNREACHABLE_CODE = YES;
				CLANG_WARN__DUPLICATE_METHOD_MATCH = YES;
				COPY_PHASE_STRIP = NO;
				DEBUG_INFORMATION_FORMAT = dwarf;
				ENABLE_STRICT_OBJC_MSGSEND = YES;
				ENABLE_TESTABILITY = YES;
				GCC_C_LANGUAGE_STANDARD = gnu11;
				GCC_DYNAMIC_NO_PIC = NO;
				GCC_NO_COMMON_BLOCKS = YES;
				GCC_OPTIMIZATION_LEVEL = 0;
				GCC_PREPROCESSOR_DEFINITIONS = (
					"DEBUG=1",
					"$(inherited)",
				);
				GCC_WARN_64_TO_32_BIT_CONVERSION = YES;
				GCC_WARN_ABOUT_RETURN_TYPE = YES_ERROR;
				GCC_WARN_UNDECLARED_SELECTOR = YES;
				GCC_WARN_UNINITIALIZED_AUTOS = YES_AGGRESSIVE;
				GCC_WARN_UNUSED_FUNCTION = YES;
				GCC_WARN_UNUSED_VARIABLE = YES;
				IPHONEOS_DEPLOYMENT_TARGET = 15.0;
				MTL_ENABLE_DEBUG_INFO = INCLUDE_SOURCE;
				MTL_FAST_MATH = YES;
				ONLY_ACTIVE_ARCH = YES;
				SDKROOT = iphoneos;
				SWIFT_ACTIVE_COMPILATION_CONDITIONS = DEBUG;
				SWIFT_OPTIMIZATION_LEVEL = "-Onone";
			};
			name = Debug;
		};
		C12B2B6928BA3EF100A5EC99 /* Release */ = {
			isa = XCBuildConfiguration;
			buildSettings = {
				ALWAYS_SEARCH_USER_PATHS = NO;
				CLANG_ANALYZER_NONNULL = YES;
				CLANG_ANALYZER_NUMBER_OBJECT_CONVERSION = YES_AGGRESSIVE;
				CLANG_CXX_LANGUAGE_STANDARD = "gnu++17";
				CLANG_CXX_LIBRARY = "libc++";
				CLANG_ENABLE_MODULES = YES;
				CLANG_ENABLE_OBJC_ARC = YES;
				CLANG_ENABLE_OBJC_WEAK = YES;
				CLANG_WARN_BLOCK_CAPTURE_AUTORELEASING = YES;
				CLANG_WARN_BOOL_CONVERSION = YES;
				CLANG_WARN_COMMA = YES;
				CLANG_WARN_CONSTANT_CONVERSION = YES;
				CLANG_WARN_DEPRECATED_OBJC_IMPLEMENTATIONS = YES;
				CLANG_WARN_DIRECT_OBJC_ISA_USAGE = YES_ERROR;
				CLANG_WARN_DOCUMENTATION_COMMENTS = YES;
				CLANG_WARN_EMPTY_BODY = YES;
				CLANG_WARN_ENUM_CONVERSION = YES;
				CLANG_WARN_INFINITE_RECURSION = YES;
				CLANG_WARN_INT_CONVERSION = YES;
				CLANG_WARN_NON_LITERAL_NULL_CONVERSION = YES;
				CLANG_WARN_OBJC_IMPLICIT_RETAIN_SELF = YES;
				CLANG_WARN_OBJC_LITERAL_CONVERSION = YES;
				CLANG_WARN_OBJC_ROOT_CLASS = YES_ERROR;
				CLANG_WARN_QUOTED_INCLUDE_IN_FRAMEWORK_HEADER = YES;
				CLANG_WARN_RANGE_LOOP_ANALYSIS = YES;
				CLANG_WARN_STRICT_PROTOTYPES = YES;
				CLANG_WARN_SUSPICIOUS_MOVE = YES;
				CLANG_WARN_UNGUARDED_AVAILABILITY = YES_AGGRESSIVE;
				CLANG_WARN_UNREACHABLE_CODE = YES;
				CLANG_WARN__DUPLICATE_METHOD_MATCH = YES;
				COPY_PHASE_STRIP = NO;
				DEBUG_INFORMATION_FORMAT = "dwarf-with-dsym";
				ENABLE_NS_ASSERTIONS = NO;
				ENABLE_STRICT_OBJC_MSGSEND = YES;
				GCC_C_LANGUAGE_STANDARD = gnu11;
				GCC_NO_COMMON_BLOCKS = YES;
				GCC_WARN_64_TO_32_BIT_CONVERSION = YES;
				GCC_WARN_ABOUT_RETURN_TYPE = YES_ERROR;
				GCC_WARN_UNDECLARED_SELECTOR = YES;
				GCC_WARN_UNINITIALIZED_AUTOS = YES_AGGRESSIVE;
				GCC_WARN_UNUSED_FUNCTION = YES;
				GCC_WARN_UNUSED_VARIABLE = YES;
				IPHONEOS_DEPLOYMENT_TARGET = 15.0;
				MTL_ENABLE_DEBUG_INFO = NO;
				MTL_FAST_MATH = YES;
				SDKROOT = iphoneos;
				SWIFT_COMPILATION_MODE = wholemodule;
				SWIFT_OPTIMIZATION_LEVEL = "-O";
				VALIDATE_PRODUCT = YES;
			};
			name = Release;
		};
		C12B2B6B28BA3EF100A5EC99 /* Debug */ = {
			isa = XCBuildConfiguration;
			buildSettings = {
				ASSETCATALOG_COMPILER_APPICON_NAME = AppIcon;
				ASSETCATALOG_COMPILER_GLOBAL_ACCENT_COLOR_NAME = AccentColor;
				CODE_SIGN_ENTITLEMENTS = task27/task27.entitlements;
				CODE_SIGN_STYLE = Manual;
				CURRENT_PROJECT_VERSION = 1;
				DEVELOPMENT_TEAM = "";
				GENERATE_INFOPLIST_FILE = YES;
				INFOPLIST_FILE = task27/Info.plist;
				INFOPLIST_KEY_UIApplicationSupportsIndirectInputEvents = YES;
				INFOPLIST_KEY_UILaunchStoryboardName = LaunchScreen;
				INFOPLIST_KEY_UIMainStoryboardFile = Main;
				INFOPLIST_KEY_UISupportedInterfaceOrientations_iPad = "UIInterfaceOrientationPortrait UIInterfaceOrientationPortraitUpsideDown UIInterfaceOrientationLandscapeLeft UIInterfaceOrientationLandscapeRight";
				INFOPLIST_KEY_UISupportedInterfaceOrientations_iPhone = "UIInterfaceOrientationPortrait UIInterfaceOrientationLandscapeLeft UIInterfaceOrientationLandscapeRight";
				LD_RUNPATH_SEARCH_PATHS = (
					"$(inherited)",
					"@executable_path/Frameworks",
				);
				MARKETING_VERSION = 1.0;
				PRODUCT_BUNDLE_IDENTIFIER = hh.task27;
				PRODUCT_NAME = "$(TARGET_NAME)";
				PROVISIONING_PROFILE_SPECIFIER = "";
				SWIFT_EMIT_LOC_STRINGS = YES;
				SWIFT_VERSION = 5.0;
				TARGETED_DEVICE_FAMILY = "1,2";
			};
			name = Debug;
		};
		C12B2B6C28BA3EF100A5EC99 /* Release */ = {
			isa = XCBuildConfiguration;
			buildSettings = {
				ASSETCATALOG_COMPILER_APPICON_NAME = AppIcon;
				ASSETCATALOG_COMPILER_GLOBAL_ACCENT_COLOR_NAME = AccentColor;
				CODE_SIGN_ENTITLEMENTS = task27/task27.entitlements;
				CODE_SIGN_STYLE = Manual;
				CURRENT_PROJECT_VERSION = 1;
				DEVELOPMENT_TEAM = "";
				GENERATE_INFOPLIST_FILE = YES;
				INFOPLIST_FILE = task27/Info.plist;
				INFOPLIST_KEY_UIApplicationSupportsIndirectInputEvents = YES;
				INFOPLIST_KEY_UILaunchStoryboardName = LaunchScreen;
				INFOPLIST_KEY_UIMainStoryboardFile = Main;
				INFOPLIST_KEY_UISupportedInterfaceOrientations_iPad = "UIInterfaceOrientationPortrait UIInterfaceOrientationPortraitUpsideDown UIInterfaceOrientationLandscapeLeft UIInterfaceOrientationLandscapeRight";
				INFOPLIST_KEY_UISupportedInterfaceOrientations_iPhone = "UIInterfaceOrientationPortrait UIInterfaceOrientationLandscapeLeft UIInterfaceOrientationLandscapeRight";
				LD_RUNPATH_SEARCH_PATHS = (
					"$(inherited)",
					"@executable_path/Frameworks",
				);
				MARKETING_VERSION = 1.0;
				PRODUCT_BUNDLE_IDENTIFIER = hh.task27;
				PRODUCT_NAME = "$(TARGET_NAME)";
				PROVISIONING_PROFILE_SPECIFIER = "";
				SWIFT_EMIT_LOC_STRINGS = YES;
				SWIFT_VERSION = 5.0;
				TARGETED_DEVICE_FAMILY = "1,2";
			};
			name = Release;
		};
/* End XCBuildConfiguration section */

/* Begin XCConfigurationList section */
		C12B2B5128BA3EF000A5EC99 /* Build configuration list for PBXProject "task27" */ = {
			isa = XCConfigurationList;
			buildConfigurations = (
				C12B2B6828BA3EF100A5EC99 /* Debug */,
				C12B2B6928BA3EF100A5EC99 /* Release */,
			);
			defaultConfigurationIsVisible = 0;
			defaultConfigurationName = Release;
		};
		C12B2B6A28BA3EF100A5EC99 /* Build configuration list for PBXNativeTarget "task27" */ = {
			isa = XCConfigurationList;
			buildConfigurations = (
				C12B2B6B28BA3EF100A5EC99 /* Debug */,
				C12B2B6C28BA3EF100A5EC99 /* Release */,
			);
			defaultConfigurationIsVisible = 0;
			defaultConfigurationName = Release;
		};
/* End XCConfigurationList section */
	};
	rootObject = C12B2B4E28BA3EF000A5EC99 /* Project object */;
}
